
Microsoft Visual Studio Solution File, Format Version 12.00
# Visual Studio Version 16
VisualStudioVersion = 16.0.30204.135
MinimumVisualStudioVersion = 10.0.40219.1
Project("{FAE04EC0-301F-11D3-BF4B-00C04F79EFBC}") = "Logik_IT1A", "Logik_IT1A\Logik_IT1A.csproj", "{1C84FF2F-2186-4EE3-B3AB-51B8A151D671}"
EndProject
Global
	GlobalSection(SolutionConfigurationPlatforms) = preSolution
		Debug|Any CPU = Debug|Any CPU
		Release|Any CPU = Release|Any CPU
	EndGlobalSection
	GlobalSection(ProjectConfigurationPlatforms) = postSolution
		{1C84FF2F-2186-4EE3-B3AB-51B8A151D671}.Debug|Any CPU.ActiveCfg = Debug|Any CPU
		{1C84FF2F-2186-4EE3-B3AB-51B8A151D671}.Debug|Any CPU.Build.0 = Debug|Any CPU
		{1C84FF2F-2186-4EE3-B3AB-51B8A151D671}.Release|Any CPU.ActiveCfg = Release|Any CPU
		{1C84FF2F-2186-4EE3-B3AB-51B8A151D671}.Release|Any CPU.Build.0 = Release|Any CPU
	EndGlobalSection
	GlobalSection(SolutionProperties) = preSolution
		HideSolutionNode = FALSE
	EndGlobalSection
	GlobalSection(ExtensibilityGlobals) = postSolution
		SolutionGuid = {EB61C2EB-9CFE-4660-9C41-DC4F2FA4E3F6}
	EndGlobalSection
EndGlobal
